PODS:
  - CocoaLumberjack/Default (3.3.0)
  - CocoaLumberjack/Swift (3.3.0):
    - CocoaLumberjack/Default
  - Eureka (4.0.1)
  - JacKit (1.0.0-beta1):
    - CocoaLumberjack/Swift (~> 3.3.0)
  - PromiseKit (4.5.0):
    - PromiseKit/Foundation (= 4.5.0)
    - PromiseKit/QuartzCore (= 4.5.0)
    - PromiseKit/UIKit (= 4.5.0)
  - PromiseKit/CorePromise (4.5.0)
  - PromiseKit/Foundation (4.5.0):
    - PromiseKit/CorePromise
  - PromiseKit/QuartzCore (4.5.0):
    - PromiseKit/CorePromise
  - PromiseKit/UIKit (4.5.0):
    - PromiseKit/CorePromise
  - SocialKit (0.1.0):
    - JacKit
    - PromiseKit

DEPENDENCIES:
  - Eureka
  - JacKit (from `../../JacKit`)
  - SocialKit (from `../`)

EXTERNAL SOURCES:
  JacKit:
    :path: ../../JacKit
  SocialKit:
    :path: ../

SPEC CHECKSUMS:
  CocoaLumberjack: 3c8c74683302f9012bb168e1c4b7ae3c0b558431
  Eureka: c8bd5cc07143b6f66268c208d28a246c99b41955
  JacKit: de46ba528274b33323f5f6c646ecae52c91e9711
  PromiseKit: 9c1d9f6d7b65e3951a90bea7f407c56972be5d8e
  SocialKit: 433cd19739d47c8410a9428a5cd1dfe9c9027f6a

PODFILE CHECKSUM: a049e5a29fd4b9340483362d8c06f31b4fe05257

COCOAPODS: 1.3.1
